// !$*UTF8*$!
{
	archiveVersion = 1;
	classes = {
	};
	objectVersion = 46;
	objects = {

/* Begin PBXBuildFile section */
		4B3380591CB896FD008C5793 /* AppDelegate.swift in Sources */ = {isa = PBXBuildFile; fileRef = 4B3380581CB896FD008C5793 /* AppDelegate.swift */; };
		4B33805B1CB896FD008C5793 /* ViewController.swift in Sources */ = {isa = PBXBuildFile; fileRef = 4B33805A1CB896FD008C5793 /* ViewController.swift */; };
		4B33805E1CB896FD008C5793 /* Main.storyboard in Resources */ = {isa = PBXBuildFile; fileRef = 4B33805C1CB896FD008C5793 /* Main.storyboard */; };
		4B3380611CB896FD008C5793 /* HitList.xcdatamodeld in Sources */ = {isa = PBXBuildFile; fileRef = 4B33805F1CB896FD008C5793 /* HitList.xcdatamodeld */; };
		4B3380631CB896FD008C5793 /* Assets.xcassets in Resources */ = {isa = PBXBuildFile; fileRef = 4B3380621CB896FD008C5793 /* Assets.xcassets */; };
		4B3380661CB896FD008C5793 /* LaunchScreen.storyboard in Resources */ = {isa = PBXBuildFile; fileRef = 4B3380641CB896FD008C5793 /* LaunchScreen.storyboard */; };
		4B3380711CB896FD008C5793 /* HitListTests.swift in Sources */ = {isa = PBXBuildFile; fileRef = 4B3380701CB896FD008C5793 /* HitListTests.swift */; };
		4B33807C1CB896FD008C5793 /* HitListUITests.swift in Sources */ = {isa = PBXBuildFile; fileRef = 4B33807B1CB896FD008C5793 /* HitListUITests.swift */; };
/* End PBXBuildFile section */

/* Begin PBXContainerItemProxy section */
		4B33806D1CB896FD008C5793 /* PBXContainerItemProxy */ = {
			isa = PBXContainerItemProxy;
			containerPortal = 4B33804D1CB896FD008C5793 /* Project object */;
			proxyType = 1;
			remoteGlobalIDString = 4B3380541CB896FD008C5793;
			remoteInfo = HitList;
		};
		4B3380781CB896FD008C5793 /* PBXContainerItemProxy */ = {
			isa = PBXContainerItemProxy;
			containerPortal = 4B33804D1CB896FD008C5793 /* Project object */;
			proxyType = 1;
			remoteGlobalIDString = 4B3380541CB896FD008C5793;
			remoteInfo = HitList;
		};
/* End PBXContainerItemProxy section */

/* Begin PBXFileReference section */
		4B3380551CB896FD008C5793 /* HitList.app */ = {isa = PBXFileReference; explicitFileType = wrapper.application; includeInIndex = 0; path = HitList.app; sourceTree = BUILT_PRODUCTS_DIR; };
		4B3380581CB896FD008C5793 /* AppDelegate.swift */ = {isa = PBXFileReference; lastKnownFileType = sourcecode.swift; path = AppDelegate.swift; sourceTree = "<group>"; };
		4B33805A1CB896FD008C5793 /* ViewController.swift */ = {isa = PBXFileReference; lastKnownFileType = sourcecode.swift; path = ViewController.swift; sourceTree = "<group>"; };
		4B33805D1CB896FD008C5793 /* Base */ = {isa = PBXFileReference; lastKnownFileType = file.storyboard; name = Base; path = Base.lproj/Main.storyboard; sourceTree = "<group>"; };
		4B3380601CB896FD008C5793 /* HitList.xcdatamodel */ = {isa = PBXFileReference; lastKnownFileType = wrapper.xcdatamodel; path = HitList.xcdatamodel; sourceTree = "<group>"; };
		4B3380621CB896FD008C5793 /* Assets.xcassets */ = {isa = PBXFileReference; lastKnownFileType = folder.assetcatalog; path = Assets.xcassets; sourceTree = "<group>"; };
		4B3380651CB896FD008C5793 /* Base */ = {isa = PBXFileReference; lastKnownFileType = file.storyboard; name = Base; path = Base.lproj/LaunchScreen.storyboard; sourceTree = "<group>"; };
		4B3380671CB896FD008C5793 /* Info.plist */ = {isa = PBXFileReference; lastKnownFileType = text.plist.xml; path = Info.plist; sourceTree = "<group>"; };
		4B33806C1CB896FD008C5793 /* HitListTests.xctest */ = {isa = PBXFileReference; explicitFileType = wrapper.cfbundle; includeInIndex = 0; path = HitListTests.xctest; sourceTree = BUILT_PRODUCTS_DIR; };
		4B3380701CB896FD008C5793 /* HitListTests.swift */ = {isa = PBXFileReference; lastKnownFileType = sourcecode.swift; path = HitListTests.swift; sourceTree = "<group>"; };
		4B3380721CB896FD008C5793 /* Info.plist */ = {isa = PBXFileReference; lastKnownFileType = text.plist.xml; path = Info.plist; sourceTree = "<group>"; };
		4B3380771CB896FD008C5793 /* HitListUITests.xctest */ = {isa = PBXFileReference; explicitFileType = wrapper.cfbundle; includeInIndex = 0; path = HitListUITests.xctest; sourceTree = BUILT_PRODUCTS_DIR; };
		4B33807B1CB896FD008C5793 /* HitListUITests.swift */ = {isa = PBXFileReference; lastKnownFileType = sourcecode.swift; path = HitListUITests.swift; sourceTree = "<group>"; };
		4B33807D1CB896FD008C5793 /* Info.plist */ = {isa = PBXFileReference; lastKnownFileType = text.plist.xml; path = Info.plist; sourceTree = "<group>"; };
/* End PBXFileReference section */

/* Begin PBXFrameworksBuildPhase section */
		4B3380521CB896FD008C5793 /* Frameworks */ = {
			isa = PBXFrameworksBuildPhase;
			buildActionMask = 2147483647;
			files = (
			);
			runOnlyForDeploymentPostprocessing = 0;
		};
		4B3380691CB896FD008C5793 /* Frameworks */ = {
			isa = PBXFrameworksBuildPhase;
			buildActionMask = 2147483647;
			files = (
			);
			runOnlyForDeploymentPostprocessing = 0;
		};
		4B3380741CB896FD008C5793 /* Frameworks */ = {
			isa = PBXFrameworksBuildPhase;
			buildActionMask = 2147483647;
			files = (
			);
			runOnlyForDeploymentPostprocessing = 0;
		};
/* End PBXFrameworksBuildPhase section */

/* Begin PBXGroup section */
		4B33804C1CB896FD008C5793 = {
			isa = PBXGroup;
			children = (
				4B3380571CB896FD008C5793 /* HitList */,
				4B33806F1CB896FD008C5793 /* HitListTests */,
				4B33807A1CB896FD008C5793 /* HitListUITests */,
				4B3380561CB896FD008C5793 /* Products */,
			);
			sourceTree = "<group>";
		};
		4B3380561CB896FD008C5793 /* Products */ = {
			isa = PBXGroup;
			children = (
				4B3380551CB896FD008C5793 /* HitList.app */,
				4B33806C1CB896FD008C5793 /* HitListTests.xctest */,
				4B3380771CB896FD008C5793 /* HitListUITests.xctest */,
			);
			name = Products;
			sourceTree = "<group>";
		};
		4B3380571CB896FD008C5793 /* HitList */ = {
			isa = PBXGroup;
			children = (
				4B3380581CB896FD008C5793 /* AppDelegate.swift */,
				4B33805A1CB896FD008C5793 /* ViewController.swift */,
				4B33805C1CB896FD008C5793 /* Main.storyboard */,
				4B3380621CB896FD008C5793 /* Assets.xcassets */,
				4B3380641CB896FD008C5793 /* LaunchScreen.storyboard */,
				4B3380671CB896FD008C5793 /* Info.plist */,
				4B33805F1CB896FD008C5793 /* HitList.xcdatamodeld */,
			);
			path = HitList;
			sourceTree = "<group>";
		};
		4B33806F1CB896FD008C5793 /* HitListTests */ = {
			isa = PBXGroup;
			children = (
				4B3380701CB896FD008C5793 /* HitListTests.swift */,
				4B3380721CB896FD008C5793 /* Info.plist */,
			);
			path = HitListTests;
			sourceTree = "<group>";
		};
		4B33807A1CB896FD008C5793 /* HitListUITests */ = {
			isa = PBXGroup;
			children = (
				4B33807B1CB896FD008C5793 /* HitListUITests.swift */,
				4B33807D1CB896FD008C5793 /* Info.plist */,
			);
			path = HitListUITests;
			sourceTree = "<group>";
		};
/* End PBXGroup section */

/* Begin PBXNativeTarget section */
		4B3380541CB896FD008C5793 /* HitList */ = {
			isa = PBXNativeTarget;
			buildConfigurationList = 4B3380801CB896FD008C5793 /* Build configuration list for PBXNativeTarget "HitList" */;
			buildPhases = (
				4B3380511CB896FD008C5793 /* Sources */,
				4B3380521CB896FD008C5793 /* Frameworks */,
				4B3380531CB896FD008C5793 /* Resources */,
			);
			buildRules = (
			);
			dependencies = (
			);
			name = HitList;
			productName = HitList;
			productReference = 4B3380551CB896FD008C5793 /* HitList.app */;
			productType = "com.apple.product-type.application";
		};
		4B33806B1CB896FD008C5793 /* HitListTests */ = {
			isa = PBXNativeTarget;
			buildConfigurationList = 4B3380831CB896FD008C5793 /* Build configuration list for PBXNativeTarget "HitListTests" */;
			buildPhases = (
				4B3380681CB896FD008C5793 /* Sources */,
				4B3380691CB896FD008C5793 /* Frameworks */,
				4B33806A1CB896FD008C5793 /* Resources */,
			);
			buildRules = (
			);
			dependencies = (
				4B33806E1CB896FD008C5793 /* PBXTargetDependency */,
			);
			name = HitListTests;
			productName = HitListTests;
			productReference = 4B33806C1CB896FD008C5793 /* HitListTests.xctest */;
			productType = "com.apple.product-type.bundle.unit-test";
		};
		4B3380761CB896FD008C5793 /* HitListUITests */ = {
			isa = PBXNativeTarget;
			buildConfigurationList = 4B3380861CB896FD008C5793 /* Build configuration list for PBXNativeTarget "HitListUITests" */;
			buildPhases = (
				4B3380731CB896FD008C5793 /* Sources */,
				4B3380741CB896FD008C5793 /* Frameworks */,
				4B3380751CB896FD008C5793 /* Resources */,
			);
			buildRules = (
			);
			dependencies = (
				4B3380791CB896FD008C5793 /* PBXTargetDependency */,
			);
			name = HitListUITests;
			productName = HitListUITests;
			productReference = 4B3380771CB896FD008C5793 /* HitListUITests.xctest */;
			productType = "com.apple.product-type.bundle.ui-testing";
		};
/* End PBXNativeTarget section */

/* Begin PBXProject section */
		4B33804D1CB896FD008C5793 /* Project object */ = {
			isa = PBXProject;
			attributes = {
				LastSwiftUpdateCheck = 0730;
				LastUpgradeCheck = 0730;
				ORGANIZATIONNAME = "Eric Heitmuller";
				TargetAttributes = {
					4B3380541CB896FD008C5793 = {
						CreatedOnToolsVersion = 7.3;
					};
					4B33806B1CB896FD008C5793 = {
						CreatedOnToolsVersion = 7.3;
						TestTargetID = 4B3380541CB896FD008C5793;
					};
					4B3380761CB896FD008C5793 = {
						CreatedOnToolsVersion = 7.3;
						TestTargetID = 4B3380541CB896FD008C5793;
					};
				};
			};
			buildConfigurationList = 4B3380501CB896FD008C5793 /* Build configuration list for PBXProject "HitList" */;
			compatibilityVersion = "Xcode 3.2";
			developmentRegion = English;
			hasScannedForEncodings = 0;
			knownRegions = (
				en,
				Base,
			);
			mainGroup = 4B33804C1CB896FD008C5793;
			productRefGroup = 4B3380561CB896FD008C5793 /* Products */;
			projectDirPath = "";
			projectRoot = "";
			targets = (
				4B3380541CB896FD008C5793 /* HitList */,
				4B33806B1CB896FD008C5793 /* HitListTests */,
				4B3380761CB896FD008C5793 /* HitListUITests */,
			);
		};
/* End PBXProject section */

/* Begin PBXResourcesBuildPhase section */
		4B3380531CB896FD008C5793 /* Resources */ = {
			isa = PBXResourcesBuildPhase;
			buildActionMask = 2147483647;
			files = (
				4B3380661CB896FD008C5793 /* LaunchScreen.storyboard in Resources */,
				4B3380631CB896FD008C5793 /* Assets.xcassets in Resources */,
				4B33805E1CB896FD008C5793 /* Main.storyboard in Resources */,
			);
			runOnlyForDeploymentPostprocessing = 0;
		};
		4B33806A1CB896FD008C5793 /* Resources */ = {
			isa = PBXResourcesBuildPhase;
			buildActionMask = 2147483647;
			files = (
			);
			runOnlyForDeploymentPostprocessing = 0;
		};
		4B3380751CB896FD008C5793 /* Resources */ = {
			isa = PBXResourcesBuildPhase;
			buildActionMask = 2147483647;
			files = (
			);
			runOnlyForDeploymentPostprocessing = 0;
		};
/* End PBXResourcesBuildPhase section */

/* Begin PBXSourcesBuildPhase section */
		4B3380511CB896FD008C5793 /* Sources */ = {
			isa = PBXSourcesBuildPhase;
			buildActionMask = 2147483647;
			files = (
				4B3380611CB896FD008C5793 /* HitList.xcdatamodeld in Sources */,
				4B33805B1CB896FD008C5793 /* ViewController.swift in Sources */,
				4B3380591CB896FD008C5793 /* AppDelegate.swift in Sources */,
			);
			runOnlyForDeploymentPostprocessing = 0;
		};
		4B3380681CB896FD008C5793 /* Sources */ = {
			isa = PBXSourcesBuildPhase;
			buildActionMask = 2147483647;
			files = (
				4B3380711CB896FD008C5793 /* HitListTests.swift in Sources */,
			);
			runOnlyForDeploymentPostprocessing = 0;
		};
		4B3380731CB896FD008C5793 /* Sources */ = {
			isa = PBXSourcesBuildPhase;
			buildActionMask = 2147483647;
			files = (
				4B33807C1CB896FD008C5793 /* HitListUITests.swift in Sources */,
			);
			runOnlyForDeploymentPostprocessing = 0;
		};
/* End PBXSourcesBuildPhase section */

/* Begin PBXTargetDependency section */
		4B33806E1CB896FD008C5793 /* PBXTargetDependency */ = {
			isa = PBXTargetDependency;
			target = 4B3380541CB896FD008C5793 /* HitList */;
			targetProxy = 4B33806D1CB896FD008C5793 /* PBXContainerItemProxy */;
		};
		4B3380791CB896FD008C5793 /* PBXTargetDependency */ = {
			isa = PBXTargetDependency;
			target = 4B3380541CB896FD008C5793 /* HitList */;
			targetProxy = 4B3380781CB896FD008C5793 /* PBXContainerItemProxy */;
		};
/* End PBXTargetDependency section */

/* Begin PBXVariantGroup section */
		4B33805C1CB896FD008C5793 /* Main.storyboard */ = {
			isa = PBXVariantGroup;
			children = (
				4B33805D1CB896FD008C5793 /* Base */,
			);
			name = Main.storyboard;
			sourceTree = "<group>";
		};
		4B3380641CB896FD008C5793 /* LaunchScreen.storyboard */ = {
			isa = PBXVariantGroup;
			children = (
				4B3380651CB896FD008C5793 /* Base */,
			);
			name = LaunchScreen.storyboard;
			sourceTree = "<group>";
		};
/* End PBXVariantGroup section */

/* Begin XCBuildConfiguration section */
		4B33807E1CB896FD008C5793 /* Debug */ = {
			isa = XCBuildConfiguration;
			buildSettings = {
				ALWAYS_SEARCH_USER_PATHS = NO;
				CLANG_ANALYZER_NONNULL = YES;
				CLANG_CXX_LANGUAGE_STANDARD = "gnu++0x";
				CLANG_CXX_LIBRARY = "libc++";
				CLANG_ENABLE_MODULES = YES;
				CLANG_ENABLE_OBJC_ARC = YES;
				CLANG_WARN_BOOL_CONVERSION = YES;
				CLANG_WARN_CONSTANT_CONVERSION = YES;
				CLANG_WARN_DIRECT_OBJC_ISA_USAGE = YES_ERROR;
				CLANG_WARN_EMPTY_BODY = YES;
				CLANG_WARN_ENUM_CONVERSION = YES;
				CLANG_WARN_INT_CONVERSION = YES;
				CLANG_WARN_OBJC_ROOT_CLASS = YES_ERROR;
				CLANG_WARN_UNREACHABLE_CODE = YES;
				CLANG_WARN__DUPLICATE_METHOD_MATCH = YES;
				"CODE_SIGN_IDENTITY[sdk=iphoneos*]" = "iPhone Developer";
				COPY_PHASE_STRIP = NO;
				DEBUG_INFORMATION_FORMAT = dwarf;
				ENABLE_STRICT_OBJC_MSGSEND = YES;
				ENABLE_TESTABILITY = YES;
				GCC_C_LANGUAGE_STANDARD = gnu99;
				GCC_DYNAMIC_NO_PIC = NO;
				GCC_NO_COMMON_BLOCKS = YES;
				GCC_OPTIMIZATION_LEVEL = 0;
				GCC_PREPROCESSOR_DEFINITIONS = (
					"DEBUG=1",
					"$(inherited)",
				);
				GCC_WARN_64_TO_32_BIT_CONVERSION = YES;
				GCC_WARN_ABOUT_RETURN_TYPE = YES_ERROR;
				GCC_WARN_UNDECLARED_SELECTOR = YES;
				GCC_WARN_UNINITIALIZED_AUTOS = YES_AGGRESSIVE;
				GCC_WARN_UNUSED_FUNCTION = YES;
				GCC_WARN_UNUSED_VARIABLE = YES;
				IPHONEOS_DEPLOYMENT_TARGET = 9.3;
				MTL_ENABLE_DEBUG_INFO = YES;
				ONLY_ACTIVE_ARCH = YES;
				SDKROOT = iphoneos;
				SWIFT_OPTIMIZATION_LEVEL = "-Onone";
			};
			name = Debug;
		};
		4B33807F1CB896FD008C5793 /* Release */ = {
			isa = XCBuildConfiguration;
			buildSettings = {
				ALWAYS_SEARCH_USER_PATHS = NO;
				CLANG_ANALYZER_NONNULL = YES;
				CLANG_CXX_LANGUAGE_STANDARD = "gnu++0x";
				CLANG_CXX_LIBRARY = "libc++";
				CLANG_ENABLE_MODULES = YES;
				CLANG_ENABLE_OBJC_ARC = YES;
				CLANG_WARN_BOOL_CONVERSION = YES;
				CLANG_WARN_CONSTANT_CONVERSION = YES;
				CLANG_WARN_DIRECT_OBJC_ISA_USAGE = YES_ERROR;
				CLANG_WARN_EMPTY_BODY = YES;
				CLANG_WARN_ENUM_CONVERSION = YES;
				CLANG_WARN_INT_CONVERSION = YES;
				CLANG_WARN_OBJC_ROOT_CLASS = YES_ERROR;
				CLANG_WARN_UNREACHABLE_CODE = YES;
				CLANG_WARN__DUPLICATE_METHOD_MATCH = YES;
				"CODE_SIGN_IDENTITY[sdk=iphoneos*]" = "iPhone Developer";
				COPY_PHASE_STRIP = NO;
				DEBUG_INFORMATION_FORMAT = "dwarf-with-dsym";
				ENABLE_NS_ASSERTIONS = NO;
				ENABLE_STRICT_OBJC_MSGSEND = YES;
				GCC_C_LANGUAGE_STANDARD = gnu99;
				GCC_NO_COMMON_BLOCKS = YES;
				GCC_WARN_64_TO_32_BIT_CONVERSION = YES;
				GCC_WARN_ABOUT_RETURN_TYPE = YES_ERROR;
				GCC_WARN_UNDECLARED_SELECTOR = YES;
				GCC_WARN_UNINITIALIZED_AUTOS = YES_AGGRESSIVE;
				GCC_WARN_UNUSED_FUNCTION = YES;
				GCC_WARN_UNUSED_VARIABLE = YES;
				IPHONEOS_DEPLOYMENT_TARGET = 9.3;
				MTL_ENABLE_DEBUG_INFO = NO;
				SDKROOT = iphoneos;
				VALIDATE_PRODUCT = YES;
			};
			name = Release;
		};
		4B3380811CB896FD008C5793 /* Debug */ = {
			isa = XCBuildConfiguration;
			buildSettings = {
				ASSETCATALOG_COMPILER_APPICON_NAME = AppIcon;
				INFOPLIST_FILE = HitList/Info.plist;
				LD_RUNPATH_SEARCH_PATHS = "$(inherited) @executable_path/Frameworks";
				PRODUCT_BUNDLE_IDENTIFIER = com.ericheitmuller.HitList;
				PRODUCT_NAME = "$(TARGET_NAME)";
			};
			name = Debug;
		};
		4B3380821CB896FD008C5793 /* Release */ = {
			isa = XCBuildConfiguration;
			buildSettings = {
				ASSETCATALOG_COMPILER_APPICON_NAME = AppIcon;
				INFOPLIST_FILE = HitList/Info.plist;
				LD_RUNPATH_SEARCH_PATHS = "$(inherited) @executable_path/Frameworks";
				PRODUCT_BUNDLE_IDENTIFIER = com.ericheitmuller.HitList;
				PRODUCT_NAME = "$(TARGET_NAME)";
			};
			name = Release;
		};
		4B3380841CB896FD008C5793 /* Debug */ = {
			isa = XCBuildConfiguration;
			buildSettings = {
				BUNDLE_LOADER = "$(TEST_HOST)";
				INFOPLIST_FILE = HitListTests/Info.plist;
				LD_RUNPATH_SEARCH_PATHS = "$(inherited) @executable_path/Frameworks @loader_path/Frameworks";
				PRODUCT_BUNDLE_IDENTIFIER = com.ericheitmuller.HitListTests;
				PRODUCT_NAME = "$(TARGET_NAME)";
				TEST_HOST = "$(BUILT_PRODUCTS_DIR)/HitList.app/HitList";
			};
			name = Debug;
		};
		4B3380851CB896FD008C5793 /* Release */ = {
			isa = XCBuildConfiguration;
			buildSettings = {
				BUNDLE_LOADER = "$(TEST_HOST)";
				INFOPLIST_FILE = HitListTests/Info.plist;
				LD_RUNPATH_SEARCH_PATHS = "$(inherited) @executable_path/Frameworks @loader_path/Frameworks";
				PRODUCT_BUNDLE_IDENTIFIER = com.ericheitmuller.HitListTests;
				PRODUCT_NAME = "$(TARGET_NAME)";
				TEST_HOST = "$(BUILT_PRODUCTS_DIR)/HitList.app/HitList";
			};
			name = Release;
		};
		4B3380871CB896FD008C5793 /* Debug */ = {
			isa = XCBuildConfiguration;
			buildSettings = {
				INFOPLIST_FILE = HitListUITests/Info.plist;
				LD_RUNPATH_SEARCH_PATHS = "$(inherited) @executable_path/Frameworks @loader_path/Frameworks";
				PRODUCT_BUNDLE_IDENTIFIER = com.ericheitmuller.HitListUITests;
				PRODUCT_NAME = "$(TARGET_NAME)";
				TEST_TARGET_NAME = HitList;
			};
			name = Debug;
		};
		4B3380881CB896FD008C5793 /* Release */ = {
			isa = XCBuildConfiguration;
			buildSettings = {
				INFOPLIST_FILE = HitListUITests/Info.plist;
				LD_RUNPATH_SEARCH_PATHS = "$(inherited) @executable_path/Frameworks @loader_path/Frameworks";
				PRODUCT_BUNDLE_IDENTIFIER = com.ericheitmuller.HitListUITests;
				PRODUCT_NAME = "$(TARGET_NAME)";
				TEST_TARGET_NAME = HitList;
			};
			name = Release;
		};
/* End XCBuildConfiguration section */

/* Begin XCConfigurationList section */
		4B3380501CB896FD008C5793 /* Build configuration list for PBXProject "HitList" */ = {
			isa = XCConfigurationList;
			buildConfigurations = (
				4B33807E1CB896FD008C5793 /* Debug */,
				4B33807F1CB896FD008C5793 /* Release */,
			);
			defaultConfigurationIsVisible = 0;
			defaultConfigurationName = Release;
		};
		4B3380801CB896FD008C5793 /* Build configuration list for PBXNativeTarget "HitList" */ = {
			isa = XCConfigurationList;
			buildConfigurations = (
				4B3380811CB896FD008C5793 /* Debug */,
				4B3380821CB896FD008C5793 /* Release */,
			);
			defaultConfigurationIsVisible = 0;
		};
		4B3380831CB896FD008C5793 /* Build configuration list for PBXNativeTarget "HitListTests" */ = {
			isa = XCConfigurationList;
			buildConfigurations = (
				4B3380841CB896FD008C5793 /* Debug */,
				4B3380851CB896FD008C5793 /* Release */,
			);
			defaultConfigurationIsVisible = 0;
		};
		4B3380861CB896FD008C5793 /* Build configuration list for PBXNativeTarget "HitListUITests" */ = {
			isa = XCConfigurationList;
			buildConfigurations = (
				4B3380871CB896FD008C5793 /* Debug */,
				4B3380881CB896FD008C5793 /* Release */,
			);
			defaultConfigurationIsVisible = 0;
		};
/* End XCConfigurationList section */

/* Begin XCVersionGroup section */
		4B33805F1CB896FD008C5793 /* HitList.xcdatamodeld */ = {
			isa = XCVersionGroup;
			children = (
				4B3380601CB896FD008C5793 /* HitList.xcdatamodel */,
			);
			currentVersion = 4B3380601CB896FD008C5793 /* HitList.xcdatamodel */;
			path = HitList.xcdatamodeld;
			sourceTree = "<group>";
			versionGroupType = wrapper.xcdatamodel;
		};
/* End XCVersionGroup section */
	};
	rootObject = 4B33804D1CB896FD008C5793 /* Project object */;
}
